// !$*UTF8*$!
{
	archiveVersion = 1;
	classes = {
	};
	objectVersion = 55;
	objects = {

/* Begin PBXBuildFile section */
		463B1583286126F100FA972A /* AppDelegate.m in Sources */ = {isa = PBXBuildFile; fileRef = 463B1582286126F100FA972A /* AppDelegate.m */; };
		463B1586286126F100FA972A /* SceneDelegate.m in Sources */ = {isa = PBXBuildFile; fileRef = 463B1585286126F100FA972A /* SceneDelegate.m */; };
		463B1589286126F100FA972A /* ViewController.m in Sources */ = {isa = PBXBuildFile; fileRef = 463B1588286126F100FA972A /* ViewController.m */; };
		463B158C286126F100FA972A /* Main.storyboard in Resources */ = {isa = PBXBuildFile; fileRef = 463B158A286126F100FA972A /* Main.storyboard */; };
		463B158E286126F200FA972A /* Assets.xcassets in Resources */ = {isa = PBXBuildFile; fileRef = 463B158D286126F200FA972A /* Assets.xcassets */; };
		463B1591286126F200FA972A /* LaunchScreen.storyboard in Resources */ = {isa = PBXBuildFile; fileRef = 463B158F286126F200FA972A /* LaunchScreen.storyboard */; };
		463B1594286126F200FA972A /* main.m in Sources */ = {isa = PBXBuildFile; fileRef = 463B1593286126F200FA972A /* main.m */; };
		463B159E286126F200FA972A /* ChirpyTests.m in Sources */ = {isa = PBXBuildFile; fileRef = 463B159D286126F200FA972A /* ChirpyTests.m */; };
		463B15A8286126F200FA972A /* ChirpyUITests.m in Sources */ = {isa = PBXBuildFile; fileRef = 463B15A7286126F200FA972A /* ChirpyUITests.m */; };
		463B15AA286126F200FA972A /* ChirpyUITestsLaunchTests.m in Sources */ = {isa = PBXBuildFile; fileRef = 463B15A9286126F200FA972A /* ChirpyUITestsLaunchTests.m */; };
/* End PBXBuildFile section */

/* Begin PBXContainerItemProxy section */
		463B159A286126F200FA972A /* PBXContainerItemProxy */ = {
			isa = PBXContainerItemProxy;
			containerPortal = 463B1576286126F100FA972A /* Project object */;
			proxyType = 1;
			remoteGlobalIDString = 463B157D286126F100FA972A;
			remoteInfo = Chirpy;
		};
		463B15A4286126F200FA972A /* PBXContainerItemProxy */ = {
			isa = PBXContainerItemProxy;
			containerPortal = 463B1576286126F100FA972A /* Project object */;
			proxyType = 1;
			remoteGlobalIDString = 463B157D286126F100FA972A;
			remoteInfo = Chirpy;
		};
/* End PBXContainerItemProxy section */

/* Begin PBXFileReference section */
		463B157E286126F100FA972A /* Chirpy.app */ = {isa = PBXFileReference; explicitFileType = wrapper.application; includeInIndex = 0; path = Chirpy.app; sourceTree = BUILT_PRODUCTS_DIR; };
		463B1581286126F100FA972A /* AppDelegate.h */ = {isa = PBXFileReference; lastKnownFileType = sourcecode.c.h; path = AppDelegate.h; sourceTree = "<group>"; };
		463B1582286126F100FA972A /* AppDelegate.m */ = {isa = PBXFileReference; lastKnownFileType = sourcecode.c.objc; path = AppDelegate.m; sourceTree = "<group>"; };
		463B1584286126F100FA972A /* SceneDelegate.h */ = {isa = PBXFileReference; lastKnownFileType = sourcecode.c.h; path = SceneDelegate.h; sourceTree = "<group>"; };
		463B1585286126F100FA972A /* SceneDelegate.m */ = {isa = PBXFileReference; lastKnownFileType = sourcecode.c.objc; path = SceneDelegate.m; sourceTree = "<group>"; };
		463B1587286126F100FA972A /* ViewController.h */ = {isa = PBXFileReference; lastKnownFileType = sourcecode.c.h; path = ViewController.h; sourceTree = "<group>"; };
		463B1588286126F100FA972A /* ViewController.m */ = {isa = PBXFileReference; lastKnownFileType = sourcecode.c.objc; path = ViewController.m; sourceTree = "<group>"; };
		463B158B286126F100FA972A /* Base */ = {isa = PBXFileReference; lastKnownFileType = file.storyboard; name = Base; path = Base.lproj/Main.storyboard; sourceTree = "<group>"; };
		463B158D286126F200FA972A /* Assets.xcassets */ = {isa = PBXFileReference; lastKnownFileType = folder.assetcatalog; path = Assets.xcassets; sourceTree = "<group>"; };
		463B1590286126F200FA972A /* Base */ = {isa = PBXFileReference; lastKnownFileType = file.storyboard; name = Base; path = Base.lproj/LaunchScreen.storyboard; sourceTree = "<group>"; };
		463B1592286126F200FA972A /* Info.plist */ = {isa = PBXFileReference; lastKnownFileType = text.plist.xml; path = Info.plist; sourceTree = "<group>"; };
		463B1593286126F200FA972A /* main.m */ = {isa = PBXFileReference; lastKnownFileType = sourcecode.c.objc; path = main.m; sourceTree = "<group>"; };
		463B1599286126F200FA972A /* ChirpyTests.xctest */ = {isa = PBXFileReference; explicitFileType = wrapper.cfbundle; includeInIndex = 0; path = ChirpyTests.xctest; sourceTree = BUILT_PRODUCTS_DIR; };
		463B159D286126F200FA972A /* ChirpyTests.m */ = {isa = PBXFileReference; lastKnownFileType = sourcecode.c.objc; path = ChirpyTests.m; sourceTree = "<group>"; };
		463B15A3286126F200FA972A /* ChirpyUITests.xctest */ = {isa = PBXFileReference; explicitFileType = wrapper.cfbundle; includeInIndex = 0; path = ChirpyUITests.xctest; sourceTree = BUILT_PRODUCTS_DIR; };
		463B15A7286126F200FA972A /* ChirpyUITests.m */ = {isa = PBXFileReference; lastKnownFileType = sourcecode.c.objc; path = ChirpyUITests.m; sourceTree = "<group>"; };
		463B15A9286126F200FA972A /* ChirpyUITestsLaunchTests.m */ = {isa = PBXFileReference; lastKnownFileType = sourcecode.c.objc; path = ChirpyUITestsLaunchTests.m; sourceTree = "<group>"; };
/* End PBXFileReference section */

/* Begin PBXFrameworksBuildPhase section */
		463B157B286126F100FA972A /* Frameworks */ = {
			isa = PBXFrameworksBuildPhase;
			buildActionMask = 2147483647;
			files = (
			);
			runOnlyForDeploymentPostprocessing = 0;
		};
		463B1596286126F200FA972A /* Frameworks */ = {
			isa = PBXFrameworksBuildPhase;
			buildActionMask = 2147483647;
			files = (
			);
			runOnlyForDeploymentPostprocessing = 0;
		};
		463B15A0286126F200FA972A /* Frameworks */ = {
			isa = PBXFrameworksBuildPhase;
			buildActionMask = 2147483647;
			files = (
			);
			runOnlyForDeploymentPostprocessing = 0;
		};
/* End PBXFrameworksBuildPhase section */

/* Begin PBXGroup section */
		463B1575286126F100FA972A = {
			isa = PBXGroup;
			children = (
				463B1580286126F100FA972A /* Chirpy */,
				463B159C286126F200FA972A /* ChirpyTests */,
				463B15A6286126F200FA972A /* ChirpyUITests */,
				463B157F286126F100FA972A /* Products */,
			);
			sourceTree = "<group>";
		};
		463B157F286126F100FA972A /* Products */ = {
			isa = PBXGroup;
			children = (
				463B157E286126F100FA972A /* Chirpy.app */,
				463B1599286126F200FA972A /* ChirpyTests.xctest */,
				463B15A3286126F200FA972A /* ChirpyUITests.xctest */,
			);
			name = Products;
			sourceTree = "<group>";
		};
		463B1580286126F100FA972A /* Chirpy */ = {
			isa = PBXGroup;
			children = (
				463B1581286126F100FA972A /* AppDelegate.h */,
				463B1582286126F100FA972A /* AppDelegate.m */,
				463B1584286126F100FA972A /* SceneDelegate.h */,
				463B1585286126F100FA972A /* SceneDelegate.m */,
				463B1587286126F100FA972A /* ViewController.h */,
				463B1588286126F100FA972A /* ViewController.m */,
				463B158A286126F100FA972A /* Main.storyboard */,
				463B158D286126F200FA972A /* Assets.xcassets */,
				463B158F286126F200FA972A /* LaunchScreen.storyboard */,
				463B1592286126F200FA972A /* Info.plist */,
				463B1593286126F200FA972A /* main.m */,
			);
			path = Chirpy;
			sourceTree = "<group>";
		};
		463B159C286126F200FA972A /* ChirpyTests */ = {
			isa = PBXGroup;
			children = (
				463B159D286126F200FA972A /* ChirpyTests.m */,
			);
			path = ChirpyTests;
			sourceTree = "<group>";
		};
		463B15A6286126F200FA972A /* ChirpyUITests */ = {
			isa = PBXGroup;
			children = (
				463B15A7286126F200FA972A /* ChirpyUITests.m */,
				463B15A9286126F200FA972A /* ChirpyUITestsLaunchTests.m */,
			);
			path = ChirpyUITests;
			sourceTree = "<group>";
		};
/* End PBXGroup section */

/* Begin PBXNativeTarget section */
		463B157D286126F100FA972A /* Chirpy */ = {
			isa = PBXNativeTarget;
			buildConfigurationList = 463B15AD286126F200FA972A /* Build configuration list for PBXNativeTarget "Chirpy" */;
			buildPhases = (
				463B157A286126F100FA972A /* Sources */,
				463B157B286126F100FA972A /* Frameworks */,
				463B157C286126F100FA972A /* Resources */,
			);
			buildRules = (
			);
			dependencies = (
			);
			name = Chirpy;
			productName = Chirpy;
			productReference = 463B157E286126F100FA972A /* Chirpy.app */;
			productType = "com.apple.product-type.application";
		};
		463B1598286126F200FA972A /* ChirpyTests */ = {
			isa = PBXNativeTarget;
			buildConfigurationList = 463B15B0286126F200FA972A /* Build configuration list for PBXNativeTarget "ChirpyTests" */;
			buildPhases = (
				463B1595286126F200FA972A /* Sources */,
				463B1596286126F200FA972A /* Frameworks */,
				463B1597286126F200FA972A /* Resources */,
			);
			buildRules = (
			);
			dependencies = (
				463B159B286126F200FA972A /* PBXTargetDependency */,
			);
			name = ChirpyTests;
			productName = ChirpyTests;
			productReference = 463B1599286126F200FA972A /* ChirpyTests.xctest */;
			productType = "com.apple.product-type.bundle.unit-test";
		};
		463B15A2286126F200FA972A /* ChirpyUITests */ = {
			isa = PBXNativeTarget;
			buildConfigurationList = 463B15B3286126F200FA972A /* Build configuration list for PBXNativeTarget "ChirpyUITests" */;
			buildPhases = (
				463B159F286126F200FA972A /* Sources */,
				463B15A0286126F200FA972A /* Frameworks */,
				463B15A1286126F200FA972A /* Resources */,
			);
			buildRules = (
			);
			dependencies = (
				463B15A5286126F200FA972A /* PBXTargetDependency */,
			);
			name = ChirpyUITests;
			productName = ChirpyUITests;
			productReference = 463B15A3286126F200FA972A /* ChirpyUITests.xctest */;
			productType = "com.apple.product-type.bundle.ui-testing";
		};
/* End PBXNativeTarget section */

/* Begin PBXProject section */
		463B1576286126F100FA972A /* Project object */ = {
			isa = PBXProject;
			attributes = {
				BuildIndependentTargetsInParallel = 1;
				LastUpgradeCheck = 1340;
				TargetAttributes = {
					463B157D286126F100FA972A = {
						CreatedOnToolsVersion = 13.4;
					};
					463B1598286126F200FA972A = {
						CreatedOnToolsVersion = 13.4;
						TestTargetID = 463B157D286126F100FA972A;
					};
					463B15A2286126F200FA972A = {
						CreatedOnToolsVersion = 13.4;
						TestTargetID = 463B157D286126F100FA972A;
					};
				};
			};
			buildConfigurationList = 463B1579286126F100FA972A /* Build configuration list for PBXProject "Chirpy" */;
			compatibilityVersion = "Xcode 13.0";
			developmentRegion = en;
			hasScannedForEncodings = 0;
			knownRegions = (
				en,
				Base,
			);
			mainGroup = 463B1575286126F100FA972A;
			productRefGroup = 463B157F286126F100FA972A /* Products */;
			projectDirPath = "";
			projectRoot = "";
			targets = (
				463B157D286126F100FA972A /* Chirpy */,
				463B1598286126F200FA972A /* ChirpyTests */,
				463B15A2286126F200FA972A /* ChirpyUITests */,
			);
		};
/* End PBXProject section */

/* Begin PBXResourcesBuildPhase section */
		463B157C286126F100FA972A /* Resources */ = {
			isa = PBXResourcesBuildPhase;
			buildActionMask = 2147483647;
			files = (
				463B1591286126F200FA972A /* LaunchScreen.storyboard in Resources */,
				463B158E286126F200FA972A /* Assets.xcassets in Resources */,
				463B158C286126F100FA972A /* Main.storyboard in Resources */,
			);
			runOnlyForDeploymentPostprocessing = 0;
		};
		463B1597286126F200FA972A /* Resources */ = {
			isa = PBXResourcesBuildPhase;
			buildActionMask = 2147483647;
			files = (
			);
			runOnlyForDeploymentPostprocessing = 0;
		};
		463B15A1286126F200FA972A /* Resources */ = {
			isa = PBXResourcesBuildPhase;
			buildActionMask = 2147483647;
			files = (
			);
			runOnlyForDeploymentPostprocessing = 0;
		};
/* End PBXResourcesBuildPhase section */

/* Begin PBXSourcesBuildPhase section */
		463B157A286126F100FA972A /* Sources */ = {
			isa = PBXSourcesBuildPhase;
			buildActionMask = 2147483647;
			files = (
				463B1589286126F100FA972A /* ViewController.m in Sources */,
				463B1583286126F100FA972A /* AppDelegate.m in Sources */,
				463B1594286126F200FA972A /* main.m in Sources */,
				463B1586286126F100FA972A /* SceneDelegate.m in Sources */,
			);
			runOnlyForDeploymentPostprocessing = 0;
		};
		463B1595286126F200FA972A /* Sources */ = {
			isa = PBXSourcesBuildPhase;
			buildActionMask = 2147483647;
			files = (
				463B159E286126F200FA972A /* ChirpyTests.m in Sources */,
			);
			runOnlyForDeploymentPostprocessing = 0;
		};
		463B159F286126F200FA972A /* Sources */ = {
			isa = PBXSourcesBuildPhase;
			buildActionMask = 2147483647;
			files = (
				463B15A8286126F200FA972A /* ChirpyUITests.m in Sources */,
				463B15AA286126F200FA972A /* ChirpyUITestsLaunchTests.m in Sources */,
			);
			runOnlyForDeploymentPostprocessing = 0;
		};
/* End PBXSourcesBuildPhase section */

/* Begin PBXTargetDependency section */
		463B159B286126F200FA972A /* PBXTargetDependency */ = {
			isa = PBXTargetDependency;
			target = 463B157D286126F100FA972A /* Chirpy */;
			targetProxy = 463B159A286126F200FA972A /* PBXContainerItemProxy */;
		};
		463B15A5286126F200FA972A /* PBXTargetDependency */ = {
			isa = PBXTargetDependency;
			target = 463B157D286126F100FA972A /* Chirpy */;
			targetProxy = 463B15A4286126F200FA972A /* PBXContainerItemProxy */;
		};
/* End PBXTargetDependency section */

/* Begin PBXVariantGroup section */
		463B158A286126F100FA972A /* Main.storyboard */ = {
			isa = PBXVariantGroup;
			children = (
				463B158B286126F100FA972A /* Base */,
			);
			name = Main.storyboard;
			sourceTree = "<group>";
		};
		463B158F286126F200FA972A /* LaunchScreen.storyboard */ = {
			isa = PBXVariantGroup;
			children = (
				463B1590286126F200FA972A /* Base */,
			);
			name = LaunchScreen.storyboard;
			sourceTree = "<group>";
		};
/* End PBXVariantGroup section */

/* Begin XCBuildConfiguration section */
		463B15AB286126F200FA972A /* Debug */ = {
			isa = XCBuildConfiguration;
			buildSettings = {
				ALWAYS_SEARCH_USER_PATHS = NO;
				CLANG_ANALYZER_NONNULL = YES;
				CLANG_ANALYZER_NUMBER_OBJECT_CONVERSION = YES_AGGRESSIVE;
				CLANG_CXX_LANGUAGE_STANDARD = "gnu++17";
				CLANG_ENABLE_MODULES = YES;
				CLANG_ENABLE_OBJC_ARC = YES;
				CLANG_ENABLE_OBJC_WEAK = YES;
				CLANG_WARN_BLOCK_CAPTURE_AUTORELEASING = YES;
				CLANG_WARN_BOOL_CONVERSION = YES;
				CLANG_WARN_COMMA = YES;
				CLANG_WARN_CONSTANT_CONVERSION = YES;
				CLANG_WARN_DEPRECATED_OBJC_IMPLEMENTATIONS = YES;
				CLANG_WARN_DIRECT_OBJC_ISA_USAGE = YES_ERROR;
				CLANG_WARN_DOCUMENTATION_COMMENTS = YES;
				CLANG_WARN_EMPTY_BODY = YES;
				CLANG_WARN_ENUM_CONVERSION = YES;
				CLANG_WARN_INFINITE_RECURSION = YES;
				CLANG_WARN_INT_CONVERSION = YES;
				CLANG_WARN_NON_LITERAL_NULL_CONVERSION = YES;
				CLANG_WARN_OBJC_IMPLICIT_RETAIN_SELF = YES;
				CLANG_WARN_OBJC_LITERAL_CONVERSION = YES;
				CLANG_WARN_OBJC_ROOT_CLASS = YES_ERROR;
				CLANG_WARN_QUOTED_INCLUDE_IN_FRAMEWORK_HEADER = YES;
				CLANG_WARN_RANGE_LOOP_ANALYSIS = YES;
				CLANG_WARN_STRICT_PROTOTYPES = YES;
				CLANG_WARN_SUSPICIOUS_MOVE = YES;
				CLANG_WARN_UNGUARDED_AVAILABILITY = YES_AGGRESSIVE;
				CLANG_WARN_UNREACHABLE_CODE = YES;
				CLANG_WARN__DUPLICATE_METHOD_MATCH = YES;
				COPY_PHASE_STRIP = NO;
				DEBUG_INFORMATION_FORMAT = dwarf;
				ENABLE_STRICT_OBJC_MSGSEND = YES;
				ENABLE_TESTABILITY = YES;
				GCC_C_LANGUAGE_STANDARD = gnu11;
				GCC_DYNAMIC_NO_PIC = NO;
				GCC_NO_COMMON_BLOCKS = YES;
				GCC_OPTIMIZATION_LEVEL = 0;
				GCC_PREPROCESSOR_DEFINITIONS = (
					"DEBUG=1",
					"$(inherited)",
				);
				GCC_WARN_64_TO_32_BIT_CONVERSION = YES;
				GCC_WARN_ABOUT_RETURN_TYPE = YES_ERROR;
				GCC_WARN_UNDECLARED_SELECTOR = YES;
				GCC_WARN_UNINITIALIZED_AUTOS = YES_AGGRESSIVE;
				GCC_WARN_UNUSED_FUNCTION = YES;
				GCC_WARN_UNUSED_VARIABLE = YES;
				IPHONEOS_DEPLOYMENT_TARGET = 15.5;
				MTL_ENABLE_DEBUG_INFO = INCLUDE_SOURCE;
				MTL_FAST_MATH = YES;
				ONLY_ACTIVE_ARCH = YES;
				SDKROOT = iphoneos;
			};
			name = Debug;
		};
		463B15AC286126F200FA972A /* Release */ = {
			isa = XCBuildConfiguration;
			buildSettings = {
				ALWAYS_SEARCH_USER_PATHS = NO;
				CLANG_ANALYZER_NONNULL = YES;
				CLANG_ANALYZER_NUMBER_OBJECT_CONVERSION = YES_AGGRESSIVE;
				CLANG_CXX_LANGUAGE_STANDARD = "gnu++17";
				CLANG_ENABLE_MODULES = YES;
				CLANG_ENABLE_OBJC_ARC = YES;
				CLANG_ENABLE_OBJC_WEAK = YES;
				CLANG_WARN_BLOCK_CAPTURE_AUTORELEASING = YES;
				CLANG_WARN_BOOL_CONVERSION = YES;
				CLANG_WARN_COMMA = YES;
				CLANG_WARN_CONSTANT_CONVERSION = YES;
				CLANG_WARN_DEPRECATED_OBJC_IMPLEMENTATIONS = YES;
				CLANG_WARN_DIRECT_OBJC_ISA_USAGE = YES_ERROR;
				CLANG_WARN_DOCUMENTATION_COMMENTS = YES;
				CLANG_WARN_EMPTY_BODY = YES;
				CLANG_WARN_ENUM_CONVERSION = YES;
				CLANG_WARN_INFINITE_RECURSION = YES;
				CLANG_WARN_INT_CONVERSION = YES;
				CLANG_WARN_NON_LITERAL_NULL_CONVERSION = YES;
				CLANG_WARN_OBJC_IMPLICIT_RETAIN_SELF = YES;
				CLANG_WARN_OBJC_LITERAL_CONVERSION = YES;
				CLANG_WARN_OBJC_ROOT_CLASS = YES_ERROR;
				CLANG_WARN_QUOTED_INCLUDE_IN_FRAMEWORK_HEADER = YES;
				CLANG_WARN_RANGE_LOOP_ANALYSIS = YES;
				CLANG_WARN_STRICT_PROTOTYPES = YES;
				CLANG_WARN_SUSPICIOUS_MOVE = YES;
				CLANG_WARN_UNGUARDED_AVAILABILITY = YES_AGGRESSIVE;
				CLANG_WARN_UNREACHABLE_CODE = YES;
				CLANG_WARN__DUPLICATE_METHOD_MATCH = YES;
				COPY_PHASE_STRIP = NO;
				DEBUG_INFORMATION_FORMAT = "dwarf-with-dsym";
				ENABLE_NS_ASSERTIONS = NO;
				ENABLE_STRICT_OBJC_MSGSEND = YES;
				GCC_C_LANGUAGE_STANDARD = gnu11;
				GCC_NO_COMMON_BLOCKS = YES;
				GCC_WARN_64_TO_32_BIT_CONVERSION = YES;
				GCC_WARN_ABOUT_RETURN_TYPE = YES_ERROR;
				GCC_WARN_UNDECLARED_SELECTOR = YES;
				GCC_WARN_UNINITIALIZED_AUTOS = YES_AGGRESSIVE;
				GCC_WARN_UNUSED_FUNCTION = YES;
				GCC_WARN_UNUSED_VARIABLE = YES;
				IPHONEOS_DEPLOYMENT_TARGET = 15.5;
				MTL_ENABLE_DEBUG_INFO = NO;
				MTL_FAST_MATH = YES;
				SDKROOT = iphoneos;
				VALIDATE_PRODUCT = YES;
			};
			name = Release;
		};
		463B15AE286126F200FA972A /* Debug */ = {
			isa = XCBuildConfiguration;
			buildSettings = {
				ASSETCATALOG_COMPILER_APPICON_NAME = AppIcon;
				ASSETCATALOG_COMPILER_GLOBAL_ACCENT_COLOR_NAME = AccentColor;
				CODE_SIGN_STYLE = Automatic;
				CURRENT_PROJECT_VERSION = 1;
				GENERATE_INFOPLIST_FILE = YES;
				INFOPLIST_FILE = Chirpy/Info.plist;
				INFOPLIST_KEY_UIApplicationSupportsIndirectInputEvents = YES;
				INFOPLIST_KEY_UILaunchStoryboardName = LaunchScreen;
				INFOPLIST_KEY_UIMainStoryboardFile = Main;
				INFOPLIST_KEY_UISupportedInterfaceOrientations_iPad = "UIInterfaceOrientationPortrait UIInterfaceOrientationPortraitUpsideDown UIInterfaceOrientationLandscapeLeft UIInterfaceOrientationLandscapeRight";
				INFOPLIST_KEY_UISupportedInterfaceOrientations_iPhone = "UIInterfaceOrientationPortrait UIInterfaceOrientationLandscapeLeft UIInterfaceOrientationLandscapeRight";
				LD_RUNPATH_SEARCH_PATHS = (
					"$(inherited)",
					"@executable_path/Frameworks",
				);
				MARKETING_VERSION = 1.0;
				PRODUCT_BUNDLE_IDENTIFIER = com.bienn.Chirpy;
				PRODUCT_NAME = "$(TARGET_NAME)";
				SWIFT_EMIT_LOC_STRINGS = YES;
				TARGETED_DEVICE_FAMILY = "1,2";
			};
			name = Debug;
		};
		463B15AF286126F200FA972A /* Release */ = {
			isa = XCBuildConfiguration;
			buildSettings = {
				ASSETCATALOG_COMPILER_APPICON_NAME = AppIcon;
				ASSETCATALOG_COMPILER_GLOBAL_ACCENT_COLOR_NAME = AccentColor;
				CODE_SIGN_STYLE = Automatic;
				CURRENT_PROJECT_VERSION = 1;
				GENERATE_INFOPLIST_FILE = YES;
				INFOPLIST_FILE = Chirpy/Info.plist;
				INFOPLIST_KEY_UIApplicationSupportsIndirectInputEvents = YES;
				INFOPLIST_KEY_UILaunchStoryboardName = LaunchScreen;
				INFOPLIST_KEY_UIMainStoryboardFile = Main;
				INFOPLIST_KEY_UISupportedInterfaceOrientations_iPad = "UIInterfaceOrientationPortrait UIInterfaceOrientationPortraitUpsideDown UIInterfaceOrientationLandscapeLeft UIInterfaceOrientationLandscapeRight";
				INFOPLIST_KEY_UISupportedInterfaceOrientations_iPhone = "UIInterfaceOrientationPortrait UIInterfaceOrientationLandscapeLeft UIInterfaceOrientationLandscapeRight";
				LD_RUNPATH_SEARCH_PATHS = (
					"$(inherited)",
					"@executable_path/Frameworks",
				);
				MARKETING_VERSION = 1.0;
				PRODUCT_BUNDLE_IDENTIFIER = com.bienn.Chirpy;
				PRODUCT_NAME = "$(TARGET_NAME)";
				SWIFT_EMIT_LOC_STRINGS = YES;
				TARGETED_DEVICE_FAMILY = "1,2";
			};
			name = Release;
		};
		463B15B1286126F200FA972A /* Debug */ = {
			isa = XCBuildConfiguration;
			buildSettings = {
				BUNDLE_LOADER = "$(TEST_HOST)";
				CODE_SIGN_STYLE = Automatic;
				CURRENT_PROJECT_VERSION = 1;
				GENERATE_INFOPLIST_FILE = YES;
				IPHONEOS_DEPLOYMENT_TARGET = 15.5;
				MARKETING_VERSION = 1.0;
				PRODUCT_BUNDLE_IDENTIFIER = com.bienn.ChirpyTests;
				PRODUCT_NAME = "$(TARGET_NAME)";
				SWIFT_EMIT_LOC_STRINGS = NO;
				TARGETED_DEVICE_FAMILY = "1,2";
				TEST_HOST = "$(BUILT_PRODUCTS_DIR)/Chirpy.app/Chirpy";
			};
			name = Debug;
		};
		463B15B2286126F200FA972A /* Release */ = {
			isa = XCBuildConfiguration;
			buildSettings = {
				BUNDLE_LOADER = "$(TEST_HOST)";
				CODE_SIGN_STYLE = Automatic;
				CURRENT_PROJECT_VERSION = 1;
				GENERATE_INFOPLIST_FILE = YES;
				IPHONEOS_DEPLOYMENT_TARGET = 15.5;
				MARKETING_VERSION = 1.0;
				PRODUCT_BUNDLE_IDENTIFIER = com.bienn.ChirpyTests;
				PRODUCT_NAME = "$(TARGET_NAME)";
				SWIFT_EMIT_LOC_STRINGS = NO;
				TARGETED_DEVICE_FAMILY = "1,2";
				TEST_HOST = "$(BUILT_PRODUCTS_DIR)/Chirpy.app/Chirpy";
			};
			name = Release;
		};
		463B15B4286126F200FA972A /* Debug */ = {
			isa = XCBuildConfiguration;
			buildSettings = {
				CODE_SIGN_STYLE = Automatic;
				CURRENT_PROJECT_VERSION = 1;
				GENERATE_INFOPLIST_FILE = YES;
				MARKETING_VERSION = 1.0;
				PRODUCT_BUNDLE_IDENTIFIER = com.bienn.ChirpyUITests;
				PRODUCT_NAME = "$(TARGET_NAME)";
				SWIFT_EMIT_LOC_STRINGS = NO;
				TARGETED_DEVICE_FAMILY = "1,2";
				TEST_TARGET_NAME = Chirpy;
			};
			name = Debug;
		};
		463B15B5286126F200FA972A /* Release */ = {
			isa = XCBuildConfiguration;
			buildSettings = {
				CODE_SIGN_STYLE = Automatic;
				CURRENT_PROJECT_VERSION = 1;
				GENERATE_INFOPLIST_FILE = YES;
				MARKETING_VERSION = 1.0;
				PRODUCT_BUNDLE_IDENTIFIER = com.bienn.ChirpyUITests;
				PRODUCT_NAME = "$(TARGET_NAME)";
				SWIFT_EMIT_LOC_STRINGS = NO;
				TARGETED_DEVICE_FAMILY = "1,2";
				TEST_TARGET_NAME = Chirpy;
			};
			name = Release;
		};
/* End XCBuildConfiguration section */

/* Begin XCConfigurationList section */
		463B1579286126F100FA972A /* Build configuration list for PBXProject "Chirpy" */ = {
			isa = XCConfigurationList;
			buildConfigurations = (
				463B15AB286126F200FA972A /* Debug */,
				463B15AC286126F200FA972A /* Release */,
			);
			defaultConfigurationIsVisible = 0;
			defaultConfigurationName = Release;
		};
		463B15AD286126F200FA972A /* Build configuration list for PBXNativeTarget "Chirpy" */ = {
			isa = XCConfigurationList;
			buildConfigurations = (
				463B15AE286126F200FA972A /* Debug */,
				463B15AF286126F200FA972A /* Release */,
			);
			defaultConfigurationIsVisible = 0;
			defaultConfigurationName = Release;
		};
		463B15B0286126F200FA972A /* Build configuration list for PBXNativeTarget "ChirpyTests" */ = {
			isa = XCConfigurationList;
			buildConfigurations = (
				463B15B1286126F200FA972A /* Debug */,
				463B15B2286126F200FA972A /* Release */,
			);
			defaultConfigurationIsVisible = 0;
			defaultConfigurationName = Release;
		};
		463B15B3286126F200FA972A /* Build configuration list for PBXNativeTarget "ChirpyUITests" */ = {
			isa = XCConfigurationList;
			buildConfigurations = (
				463B15B4286126F200FA972A /* Debug */,
				463B15B5286126F200FA972A /* Release */,
			);
			defaultConfigurationIsVisible = 0;
			defaultConfigurationName = Release;
		};
/* End XCConfigurationList section */
	};
	rootObject = 463B1576286126F100FA972A /* Project object */;
}
